
Microsoft Visual Studio Solution File, Format Version 12.00
# Visual Studio Version 17
VisualStudioVersion = 17.11.35431.28
MinimumVisualStudioVersion = 10.0.40219.1
Project("{FAE04EC0-301F-11D3-BF4B-00C04F79EFBC}") = "KB14861_IgbSelect_bind", "KB14861_IgbSelect_bind.csproj", "{22B25C45-2516-49C6-8BA7-32FCE9118BB6}"
EndProject
Global
	GlobalSection(SolutionConfigurationPlatforms) = preSolution
		Debug|Any CPU = Debug|Any CPU
		Release|Any CPU = Release|Any CPU
	EndGlobalSection
	GlobalSection(ProjectConfigurationPlatforms) = postSolution
		{22B25C45-2516-49C6-8BA7-32FCE9118BB6}.Debug|Any CPU.ActiveCfg = Debug|Any CPU
		{22B25C45-2516-49C6-8BA7-32FCE9118BB6}.Debug|Any CPU.Build.0 = Debug|Any CPU
		{22B25C45-2516-49C6-8BA7-32FCE9118BB6}.Release|Any CPU.ActiveCfg = Release|Any CPU
		{22B25C45-2516-49C6-8BA7-32FCE9118BB6}.Release|Any CPU.Build.0 = Release|Any CPU
	EndGlobalSection
	GlobalSection(SolutionProperties) = preSolution
		HideSolutionNode = FALSE
	EndGlobalSection
	GlobalSection(ExtensibilityGlobals) = postSolution
		SolutionGuid = {BC5F6049-7168-4867-9F29-CF5C73EAC7B8}
	EndGlobalSection
EndGlobal
